
Microsoft Visual Studio Solution File, Format Version 12.00
# Visual Studio 15
VisualStudioVersion = 15.0.26730.16
MinimumVisualStudioVersion = 10.0.40219.1
Project("{9A19103F-16F7-4668-BE54-9A1E7A4F7556}") = "NetCoreApp20", "NetCoreApp20.csproj", "{69C87B6B-911E-4FE6-9C84-3A1B4DB79A9B}"
EndProject
Project("{FAE04EC0-301F-11D3-BF4B-00C04F79EFBC}") = "TestLibrary", "TestLibrary\TestLibrary.csproj", "{92E2A647-9F39-44F7-9AB9-D38B58478DDA}"
EndProject
Global
	GlobalSection(SolutionConfigurationPlatforms) = preSolution
		Debug|Any CPU = Debug|Any CPU
		Release|Any CPU = Release|Any CPU
	EndGlobalSection
	GlobalSection(ProjectConfigurationPlatforms) = postSolution
		{69C87B6B-911E-4FE6-9C84-3A1B4DB79A9B}.Debug|Any CPU.ActiveCfg = Debug|Any CPU
		{69C87B6B-911E-4FE6-9C84-3A1B4DB79A9B}.Debug|Any CPU.Build.0 = Debug|Any CPU
		{69C87B6B-911E-4FE6-9C84-3A1B4DB79A9B}.Release|Any CPU.ActiveCfg = Release|Any CPU
		{69C87B6B-911E-4FE6-9C84-3A1B4DB79A9B}.Release|Any CPU.Build.0 = Release|Any CPU
		{92E2A647-9F39-44F7-9AB9-D38B58478DDA}.Debug|Any CPU.ActiveCfg = Debug|Any CPU
		{92E2A647-9F39-44F7-9AB9-D38B58478DDA}.Debug|Any CPU.Build.0 = Debug|Any CPU
		{92E2A647-9F39-44F7-9AB9-D38B58478DDA}.Release|Any CPU.ActiveCfg = Release|Any CPU
		{92E2A647-9F39-44F7-9AB9-D38B58478DDA}.Release|Any CPU.Build.0 = Release|Any CPU
	EndGlobalSection
	GlobalSection(SolutionProperties) = preSolution
		HideSolutionNode = FALSE
	EndGlobalSection
	GlobalSection(ExtensibilityGlobals) = postSolution
		SolutionGuid = {C8FDE08E-3D09-4710-9A3C-D79F0FC9DA80}
	EndGlobalSection
EndGlobal
